
Microsoft Visual Studio Solution File, Format Version 12.00
# Visual Studio Version 16
VisualStudioVersion = 16.0.32106.194
MinimumVisualStudioVersion = 10.0.40219.1
Project("{FAE04EC0-301F-11D3-BF4B-00C04F79EFBC}") = "Questionnaire", "Questionnaire\Questionnaire.csproj", "{9B30C161-7988-4AF1-8CC1-A2635BB16F77}"
EndProject
Global
	GlobalSection(SolutionConfigurationPlatforms) = preSolution
		Debug|Any CPU = Debug|Any CPU
		Release|Any CPU = Release|Any CPU
	EndGlobalSection
	GlobalSection(ProjectConfigurationPlatforms) = postSolution
		{9B30C161-7988-4AF1-8CC1-A2635BB16F77}.Debug|Any CPU.ActiveCfg = Debug|Any CPU
		{9B30C161-7988-4AF1-8CC1-A2635BB16F77}.Debug|Any CPU.Build.0 = Debug|Any CPU
		{9B30C161-7988-4AF1-8CC1-A2635BB16F77}.Release|Any CPU.ActiveCfg = Release|Any CPU
		{9B30C161-7988-4AF1-8CC1-A2635BB16F77}.Release|Any CPU.Build.0 = Release|Any CPU
	EndGlobalSection
	GlobalSection(SolutionProperties) = preSolution
		HideSolutionNode = FALSE
	EndGlobalSection
	GlobalSection(ExtensibilityGlobals) = postSolution
		SolutionGuid = {C60F7053-B36F-464A-9681-25D8DA877634}
	EndGlobalSection
EndGlobal
